// !$*UTF8*$!
{
	archiveVersion = 1;
	classes = {
	};
	objectVersion = 56;
	objects = {

/* Begin PBXBuildFile section */
		866C2D462CCB5C760057C80E /* AppDelegate.swift in Sources */ = {isa = PBXBuildFile; fileRef = 866C2D452CCB5C760057C80E /* AppDelegate.swift */; };
		866C2D482CCB5C760057C80E /* SceneDelegate.swift in Sources */ = {isa = PBXBuildFile; fileRef = 866C2D472CCB5C760057C80E /* SceneDelegate.swift */; };
		866C2D4A2CCB5C760057C80E /* ViewController.swift in Sources */ = {isa = PBXBuildFile; fileRef = 866C2D492CCB5C760057C80E /* ViewController.swift */; };
		866C2D4D2CCB5C760057C80E /* Main.storyboard in Resources */ = {isa = PBXBuildFile; fileRef = 866C2D4B2CCB5C760057C80E /* Main.storyboard */; };
		866C2D502CCB5C760057C80E /* MrSunshisjournal.xcdatamodeld in Sources */ = {isa = PBXBuildFile; fileRef = 866C2D4E2CCB5C760057C80E /* MrSunshisjournal.xcdatamodeld */; };
		866C2D522CCB5C790057C80E /* Assets.xcassets in Resources */ = {isa = PBXBuildFile; fileRef = 866C2D512CCB5C790057C80E /* Assets.xcassets */; };
		866C2D552CCB5C790057C80E /* LaunchScreen.storyboard in Resources */ = {isa = PBXBuildFile; fileRef = 866C2D532CCB5C790057C80E /* LaunchScreen.storyboard */; };
/* End PBXBuildFile section */

/* Begin PBXFileReference section */
		866C2D422CCB5C760057C80E /* MrSunshisjournal.app */ = {isa = PBXFileReference; explicitFileType = wrapper.application; includeInIndex = 0; path = MrSunshisjournal.app; sourceTree = BUILT_PRODUCTS_DIR; };
		866C2D452CCB5C760057C80E /* AppDelegate.swift */ = {isa = PBXFileReference; lastKnownFileType = sourcecode.swift; path = AppDelegate.swift; sourceTree = "<group>"; };
		866C2D472CCB5C760057C80E /* SceneDelegate.swift */ = {isa = PBXFileReference; lastKnownFileType = sourcecode.swift; path = SceneDelegate.swift; sourceTree = "<group>"; };
		866C2D492CCB5C760057C80E /* ViewController.swift */ = {isa = PBXFileReference; lastKnownFileType = sourcecode.swift; path = ViewController.swift; sourceTree = "<group>"; };
		866C2D4C2CCB5C760057C80E /* Base */ = {isa = PBXFileReference; lastKnownFileType = file.storyboard; name = Base; path = Base.lproj/Main.storyboard; sourceTree = "<group>"; };
		866C2D4F2CCB5C760057C80E /* MrSunshisjournal.xcdatamodel */ = {isa = PBXFileReference; lastKnownFileType = wrapper.xcdatamodel; path = MrSunshisjournal.xcdatamodel; sourceTree = "<group>"; };
		866C2D512CCB5C790057C80E /* Assets.xcassets */ = {isa = PBXFileReference; lastKnownFileType = folder.assetcatalog; path = Assets.xcassets; sourceTree = "<group>"; };
		866C2D542CCB5C790057C80E /* Base */ = {isa = PBXFileReference; lastKnownFileType = file.storyboard; name = Base; path = Base.lproj/LaunchScreen.storyboard; sourceTree = "<group>"; };
		866C2D562CCB5C790057C80E /* Info.plist */ = {isa = PBXFileReference; lastKnownFileType = text.plist.xml; path = Info.plist; sourceTree = "<group>"; };
/* End PBXFileReference section */

/* Begin PBXFrameworksBuildPhase section */
		866C2D3F2CCB5C750057C80E /* Frameworks */ = {
			isa = PBXFrameworksBuildPhase;
			buildActionMask = 2147483647;
			files = (
			);
			runOnlyForDeploymentPostprocessing = 0;
		};
/* End PBXFrameworksBuildPhase section */

/* Begin PBXGroup section */
		866C2D392CCB5C750057C80E = {
			isa = PBXGroup;
			children = (
				866C2D442CCB5C760057C80E /* MrSunshisjournal */,
				866C2D432CCB5C760057C80E /* Products */,
			);
			sourceTree = "<group>";
		};
		866C2D432CCB5C760057C80E /* Products */ = {
			isa = PBXGroup;
			children = (
				866C2D422CCB5C760057C80E /* MrSunshisjournal.app */,
			);
			name = Products;
			sourceTree = "<group>";
		};
		866C2D442CCB5C760057C80E /* MrSunshisjournal */ = {
			isa = PBXGroup;
			children = (
				866C2D452CCB5C760057C80E /* AppDelegate.swift */,
				866C2D472CCB5C760057C80E /* SceneDelegate.swift */,
				866C2D492CCB5C760057C80E /* ViewController.swift */,
				866C2D4B2CCB5C760057C80E /* Main.storyboard */,
				866C2D512CCB5C790057C80E /* Assets.xcassets */,
				866C2D532CCB5C790057C80E /* LaunchScreen.storyboard */,
				866C2D562CCB5C790057C80E /* Info.plist */,
				866C2D4E2CCB5C760057C80E /* MrSunshisjournal.xcdatamodeld */,
			);
			path = MrSunshisjournal;
			sourceTree = "<group>";
		};
/* End PBXGroup section */

/* Begin PBXNativeTarget section */
		866C2D412CCB5C750057C80E /* MrSunshisjournal */ = {
			isa = PBXNativeTarget;
			buildConfigurationList = 866C2D592CCB5C790057C80E /* Build configuration list for PBXNativeTarget "MrSunshisjournal" */;
			buildPhases = (
				866C2D3E2CCB5C750057C80E /* Sources */,
				866C2D3F2CCB5C750057C80E /* Frameworks */,
				866C2D402CCB5C750057C80E /* Resources */,
			);
			buildRules = (
			);
			dependencies = (
			);
			name = MrSunshisjournal;
			productName = MrSunshisjournal;
			productReference = 866C2D422CCB5C760057C80E /* MrSunshisjournal.app */;
			productType = "com.apple.product-type.application";
		};
/* End PBXNativeTarget section */

/* Begin PBXProject section */
		866C2D3A2CCB5C750057C80E /* Project object */ = {
			isa = PBXProject;
			attributes = {
				BuildIndependentTargetsInParallel = 1;
				LastSwiftUpdateCheck = 1420;
				LastUpgradeCheck = 1420;
				TargetAttributes = {
					866C2D412CCB5C750057C80E = {
						CreatedOnToolsVersion = 14.2;
					};
				};
			};
			buildConfigurationList = 866C2D3D2CCB5C750057C80E /* Build configuration list for PBXProject "MrSunshisjournal" */;
			compatibilityVersion = "Xcode 14.0";
			developmentRegion = en;
			hasScannedForEncodings = 0;
			knownRegions = (
				en,
				Base,
			);
			mainGroup = 866C2D392CCB5C750057C80E;
			productRefGroup = 866C2D432CCB5C760057C80E /* Products */;
			projectDirPath = "";
			projectRoot = "";
			targets = (
				866C2D412CCB5C750057C80E /* MrSunshisjournal */,
			);
		};
/* End PBXProject section */

/* Begin PBXResourcesBuildPhase section */
		866C2D402CCB5C750057C80E /* Resources */ = {
			isa = PBXResourcesBuildPhase;
			buildActionMask = 2147483647;
			files = (
				866C2D552CCB5C790057C80E /* LaunchScreen.storyboard in Resources */,
				866C2D522CCB5C790057C80E /* Assets.xcassets in Resources */,
				866C2D4D2CCB5C760057C80E /* Main.storyboard in Resources */,
			);
			runOnlyForDeploymentPostprocessing = 0;
		};
/* End PBXResourcesBuildPhase section */

/* Begin PBXSourcesBuildPhase section */
		866C2D3E2CCB5C750057C80E /* Sources */ = {
			isa = PBXSourcesBuildPhase;
			buildActionMask = 2147483647;
			files = (
				866C2D502CCB5C760057C80E /* MrSunshisjournal.xcdatamodeld in Sources */,
				866C2D4A2CCB5C760057C80E /* ViewController.swift in Sources */,
				866C2D462CCB5C760057C80E /* AppDelegate.swift in Sources */,
				866C2D482CCB5C760057C80E /* SceneDelegate.swift in Sources */,
			);
			runOnlyForDeploymentPostprocessing = 0;
		};
/* End PBXSourcesBuildPhase section */

/* Begin PBXVariantGroup section */
		866C2D4B2CCB5C760057C80E /* Main.storyboard */ = {
			isa = PBXVariantGroup;
			children = (
				866C2D4C2CCB5C760057C80E /* Base */,
			);
			name = Main.storyboard;
			sourceTree = "<group>";
		};
		866C2D532CCB5C790057C80E /* LaunchScreen.storyboard */ = {
			isa = PBXVariantGroup;
			children = (
				866C2D542CCB5C790057C80E /* Base */,
			);
			name = LaunchScreen.storyboard;
			sourceTree = "<group>";
		};
/* End PBXVariantGroup section */

/* Begin XCBuildConfiguration section */
		866C2D572CCB5C790057C80E /* Debug */ = {
			isa = XCBuildConfiguration;
			buildSettings = {
				ALWAYS_SEARCH_USER_PATHS = NO;
				CLANG_ANALYZER_NONNULL = YES;
				CLANG_ANALYZER_NUMBER_OBJECT_CONVERSION = YES_AGGRESSIVE;
				CLANG_CXX_LANGUAGE_STANDARD = "gnu++20";
				CLANG_ENABLE_MODULES = YES;
				CLANG_ENABLE_OBJC_ARC = YES;
				CLANG_ENABLE_OBJC_WEAK = YES;
				CLANG_WARN_BLOCK_CAPTURE_AUTORELEASING = YES;
				CLANG_WARN_BOOL_CONVERSION = YES;
				CLANG_WARN_COMMA = YES;
				CLANG_WARN_CONSTANT_CONVERSION = YES;
				CLANG_WARN_DEPRECATED_OBJC_IMPLEMENTATIONS = YES;
				CLANG_WARN_DIRECT_OBJC_ISA_USAGE = YES_ERROR;
				CLANG_WARN_DOCUMENTATION_COMMENTS = YES;
				CLANG_WARN_EMPTY_BODY = YES;
				CLANG_WARN_ENUM_CONVERSION = YES;
				CLANG_WARN_INFINITE_RECURSION = YES;
				CLANG_WARN_INT_CONVERSION = YES;
				CLANG_WARN_NON_LITERAL_NULL_CONVERSION = YES;
				CLANG_WARN_OBJC_IMPLICIT_RETAIN_SELF = YES;
				CLANG_WARN_OBJC_LITERAL_CONVERSION = YES;
				CLANG_WARN_OBJC_ROOT_CLASS = YES_ERROR;
				CLANG_WARN_QUOTED_INCLUDE_IN_FRAMEWORK_HEADER = YES;
				CLANG_WARN_RANGE_LOOP_ANALYSIS = YES;
				CLANG_WARN_STRICT_PROTOTYPES = YES;
				CLANG_WARN_SUSPICIOUS_MOVE = YES;
				CLANG_WARN_UNGUARDED_AVAILABILITY = YES_AGGRESSIVE;
				CLANG_WARN_UNREACHABLE_CODE = YES;
				CLANG_WARN__DUPLICATE_METHOD_MATCH = YES;
				COPY_PHASE_STRIP = NO;
				DEBUG_INFORMATION_FORMAT = dwarf;
				ENABLE_STRICT_OBJC_MSGSEND = YES;
				ENABLE_TESTABILITY = YES;
				GCC_C_LANGUAGE_STANDARD = gnu11;
				GCC_DYNAMIC_NO_PIC = NO;
				GCC_NO_COMMON_BLOCKS = YES;
				GCC_OPTIMIZATION_LEVEL = 0;
				GCC_PREPROCESSOR_DEFINITIONS = (
					"DEBUG=1",
					"$(inherited)",
				);
				GCC_WARN_64_TO_32_BIT_CONVERSION = YES;
				GCC_WARN_ABOUT_RETURN_TYPE = YES_ERROR;
				GCC_WARN_UNDECLARED_SELECTOR = YES;
				GCC_WARN_UNINITIALIZED_AUTOS = YES_AGGRESSIVE;
				GCC_WARN_UNUSED_FUNCTION = YES;
				GCC_WARN_UNUSED_VARIABLE = YES;
				IPHONEOS_DEPLOYMENT_TARGET = 16.2;
				MTL_ENABLE_DEBUG_INFO = INCLUDE_SOURCE;
				MTL_FAST_MATH = YES;
				ONLY_ACTIVE_ARCH = YES;
				SDKROOT = iphoneos;
				SWIFT_ACTIVE_COMPILATION_CONDITIONS = DEBUG;
				SWIFT_OPTIMIZATION_LEVEL = "-Onone";
			};
			name = Debug;
		};
		866C2D582CCB5C790057C80E /* Release */ = {
			isa = XCBuildConfiguration;
			buildSettings = {
				ALWAYS_SEARCH_USER_PATHS = NO;
				CLANG_ANALYZER_NONNULL = YES;
				CLANG_ANALYZER_NUMBER_OBJECT_CONVERSION = YES_AGGRESSIVE;
				CLANG_CXX_LANGUAGE_STANDARD = "gnu++20";
				CLANG_ENABLE_MODULES = YES;
				CLANG_ENABLE_OBJC_ARC = YES;
				CLANG_ENABLE_OBJC_WEAK = YES;
				CLANG_WARN_BLOCK_CAPTURE_AUTORELEASING = YES;
				CLANG_WARN_BOOL_CONVERSION = YES;
				CLANG_WARN_COMMA = YES;
				CLANG_WARN_CONSTANT_CONVERSION = YES;
				CLANG_WARN_DEPRECATED_OBJC_IMPLEMENTATIONS = YES;
				CLANG_WARN_DIRECT_OBJC_ISA_USAGE = YES_ERROR;
				CLANG_WARN_DOCUMENTATION_COMMENTS = YES;
				CLANG_WARN_EMPTY_BODY = YES;
				CLANG_WARN_ENUM_CONVERSION = YES;
				CLANG_WARN_INFINITE_RECURSION = YES;
				CLANG_WARN_INT_CONVERSION = YES;
				CLANG_WARN_NON_LITERAL_NULL_CONVERSION = YES;
				CLANG_WARN_OBJC_IMPLICIT_RETAIN_SELF = YES;
				CLANG_WARN_OBJC_LITERAL_CONVERSION = YES;
				CLANG_WARN_OBJC_ROOT_CLASS = YES_ERROR;
				CLANG_WARN_QUOTED_INCLUDE_IN_FRAMEWORK_HEADER = YES;
				CLANG_WARN_RANGE_LOOP_ANALYSIS = YES;
				CLANG_WARN_STRICT_PROTOTYPES = YES;
				CLANG_WARN_SUSPICIOUS_MOVE = YES;
				CLANG_WARN_UNGUARDED_AVAILABILITY = YES_AGGRESSIVE;
				CLANG_WARN_UNREACHABLE_CODE = YES;
				CLANG_WARN__DUPLICATE_METHOD_MATCH = YES;
				COPY_PHASE_STRIP = NO;
				DEBUG_INFORMATION_FORMAT = "dwarf-with-dsym";
				ENABLE_NS_ASSERTIONS = NO;
				ENABLE_STRICT_OBJC_MSGSEND = YES;
				GCC_C_LANGUAGE_STANDARD = gnu11;
				GCC_NO_COMMON_BLOCKS = YES;
				GCC_WARN_64_TO_32_BIT_CONVERSION = YES;
				GCC_WARN_ABOUT_RETURN_TYPE = YES_ERROR;
				GCC_WARN_UNDECLARED_SELECTOR = YES;
				GCC_WARN_UNINITIALIZED_AUTOS = YES_AGGRESSIVE;
				GCC_WARN_UNUSED_FUNCTION = YES;
				GCC_WARN_UNUSED_VARIABLE = YES;
				IPHONEOS_DEPLOYMENT_TARGET = 16.2;
				MTL_ENABLE_DEBUG_INFO = NO;
				MTL_FAST_MATH = YES;
				SDKROOT = iphoneos;
				SWIFT_COMPILATION_MODE = wholemodule;
				SWIFT_OPTIMIZATION_LEVEL = "-O";
				VALIDATE_PRODUCT = YES;
			};
			name = Release;
		};
		866C2D5A2CCB5C790057C80E /* Debug */ = {
			isa = XCBuildConfiguration;
			buildSettings = {
				ASSETCATALOG_COMPILER_APPICON_NAME = AppIcon;
				ASSETCATALOG_COMPILER_GLOBAL_ACCENT_COLOR_NAME = AccentColor;
				CODE_SIGN_STYLE = Automatic;
				CURRENT_PROJECT_VERSION = 1;
				DEVELOPMENT_TEAM = VX96HPJ359;
				GENERATE_INFOPLIST_FILE = YES;
				INFOPLIST_FILE = MrSunshisjournal/Info.plist;
				INFOPLIST_KEY_UIApplicationSupportsIndirectInputEvents = YES;
				INFOPLIST_KEY_UILaunchStoryboardName = LaunchScreen;
				INFOPLIST_KEY_UIMainStoryboardFile = Main;
				INFOPLIST_KEY_UISupportedInterfaceOrientations_iPad = "UIInterfaceOrientationPortrait UIInterfaceOrientationPortraitUpsideDown UIInterfaceOrientationLandscapeLeft UIInterfaceOrientationLandscapeRight";
				INFOPLIST_KEY_UISupportedInterfaceOrientations_iPhone = "UIInterfaceOrientationPortrait UIInterfaceOrientationLandscapeLeft UIInterfaceOrientationLandscapeRight";
				LD_RUNPATH_SEARCH_PATHS = (
					"$(inherited)",
					"@executable_path/Frameworks",
				);
				MARKETING_VERSION = 1.0;
				PRODUCT_BUNDLE_IDENTIFIER = com.developer.HelloIOS.juan.MrSunshisjournal;
				PRODUCT_NAME = "$(TARGET_NAME)";
				SWIFT_EMIT_LOC_STRINGS = YES;
				SWIFT_VERSION = 5.0;
				TARGETED_DEVICE_FAMILY = "1,2";
			};
			name = Debug;
		};
		866C2D5B2CCB5C790057C80E /* Release */ = {
			isa = XCBuildConfiguration;
			buildSettings = {
				ASSETCATALOG_COMPILER_APPICON_NAME = AppIcon;
				ASSETCATALOG_COMPILER_GLOBAL_ACCENT_COLOR_NAME = AccentColor;
				CODE_SIGN_STYLE = Automatic;
				CURRENT_PROJECT_VERSION = 1;
				DEVELOPMENT_TEAM = VX96HPJ359;
				GENERATE_INFOPLIST_FILE = YES;
				INFOPLIST_FILE = MrSunshisjournal/Info.plist;
				INFOPLIST_KEY_UIApplicationSupportsIndirectInputEvents = YES;
				INFOPLIST_KEY_UILaunchStoryboardName = LaunchScreen;
				INFOPLIST_KEY_UIMainStoryboardFile = Main;
				INFOPLIST_KEY_UISupportedInterfaceOrientations_iPad = "UIInterfaceOrientationPortrait UIInterfaceOrientationPortraitUpsideDown UIInterfaceOrientationLandscapeLeft UIInterfaceOrientationLandscapeRight";
				INFOPLIST_KEY_UISupportedInterfaceOrientations_iPhone = "UIInterfaceOrientationPortrait UIInterfaceOrientationLandscapeLeft UIInterfaceOrientationLandscapeRight";
				LD_RUNPATH_SEARCH_PATHS = (
					"$(inherited)",
					"@executable_path/Frameworks",
				);
				MARKETING_VERSION = 1.0;
				PRODUCT_BUNDLE_IDENTIFIER = com.developer.HelloIOS.juan.MrSunshisjournal;
				PRODUCT_NAME = "$(TARGET_NAME)";
				SWIFT_EMIT_LOC_STRINGS = YES;
				SWIFT_VERSION = 5.0;
				TARGETED_DEVICE_FAMILY = "1,2";
			};
			name = Release;
		};
/* End XCBuildConfiguration section */

/* Begin XCConfigurationList section */
		866C2D3D2CCB5C750057C80E /* Build configuration list for PBXProject "MrSunshisjournal" */ = {
			isa = XCConfigurationList;
			buildConfigurations = (
				866C2D572CCB5C790057C80E /* Debug */,
				866C2D582CCB5C790057C80E /* Release */,
			);
			defaultConfigurationIsVisible = 0;
			defaultConfigurationName = Release;
		};
		866C2D592CCB5C790057C80E /* Build configuration list for PBXNativeTarget "MrSunshisjournal" */ = {
			isa = XCConfigurationList;
			buildConfigurations = (
				866C2D5A2CCB5C790057C80E /* Debug */,
				866C2D5B2CCB5C790057C80E /* Release */,
			);
			defaultConfigurationIsVisible = 0;
			defaultConfigurationName = Release;
		};
/* End XCConfigurationList section */

/* Begin XCVersionGroup section */
		866C2D4E2CCB5C760057C80E /* MrSunshisjournal.xcdatamodeld */ = {
			isa = XCVersionGroup;
			children = (
				866C2D4F2CCB5C760057C80E /* MrSunshisjournal.xcdatamodel */,
			);
			currentVersion = 866C2D4F2CCB5C760057C80E /* MrSunshisjournal.xcdatamodel */;
			path = MrSunshisjournal.xcdatamodeld;
			sourceTree = "<group>";
			versionGroupType = wrapper.xcdatamodel;
		};
/* End XCVersionGroup section */
	};
	rootObject = 866C2D3A2CCB5C750057C80E /* Project object */;
}
